
Microsoft Visual Studio Solution File, Format Version 12.00
# Visual Studio 15
VisualStudioVersion = 15.0.26228.4
MinimumVisualStudioVersion = 10.0.40219.1
Project("{FAE04EC0-301F-11D3-BF4B-00C04F79EFBC}") = "ProjectManager.API", "ProjectManager.API\ProjectManager.API.csproj", "{D38FFED0-F73B-47E3-A897-3B8DC0EA3F0F}"
EndProject
Project("{FAE04EC0-301F-11D3-BF4B-00C04F79EFBC}") = "ProjectManager.BusinessLib", "..\ProjectManager.BusinessLib\ProjectManager.BusinessLib.csproj", "{158E56D2-70B4-4FA2-B924-B7E02A1B213A}"
EndProject
Project("{FAE04EC0-301F-11D3-BF4B-00C04F79EFBC}") = "ProjectManager.DataAccessLib", "..\ProjectManager.DataAccessLib\ProjectManager.DataAccessLib.csproj", "{2505BF95-E49C-498C-9168-B6F335BB09C4}"
EndProject
Project("{FAE04EC0-301F-11D3-BF4B-00C04F79EFBC}") = "ProjectManager.Entity", "..\ProjectManager.Entity\ProjectManager.Entity.csproj", "{589A2370-096F-4930-B275-8479403FFF0F}"
EndProject
Project("{FAE04EC0-301F-11D3-BF4B-00C04F79EFBC}") = "ProjectManager.Model", "..\ProjectManager.Model\ProjectManager.Model.csproj", "{892D2DFC-C8EB-48B2-B542-CB4562D6774C}"
EndProject
Project("{FAE04EC0-301F-11D3-BF4B-00C04F79EFBC}") = "ProjectManager.PerformanceTesting", "..\ProjectManager.PerformanceTesting\ProjectManager.PerformanceTesting.csproj", "{B533FADE-F0B7-4D4B-9E5E-6D3A3D73E448}"
EndProject
Project("{FAE04EC0-301F-11D3-BF4B-00C04F79EFBC}") = "ProjectManager.UnitTesting", "..\ProjectManager.UnitTesting\ProjectManager.UnitTesting.csproj", "{795D29C4-CA97-487F-89B0-D03027B6062B}"
EndProject
Global
	GlobalSection(SolutionConfigurationPlatforms) = preSolution
		Debug|Any CPU = Debug|Any CPU
		Release|Any CPU = Release|Any CPU
	EndGlobalSection
	GlobalSection(ProjectConfigurationPlatforms) = postSolution
		{D38FFED0-F73B-47E3-A897-3B8DC0EA3F0F}.Debug|Any CPU.ActiveCfg = Debug|Any CPU
		{D38FFED0-F73B-47E3-A897-3B8DC0EA3F0F}.Debug|Any CPU.Build.0 = Debug|Any CPU
		{D38FFED0-F73B-47E3-A897-3B8DC0EA3F0F}.Release|Any CPU.ActiveCfg = Release|Any CPU
		{D38FFED0-F73B-47E3-A897-3B8DC0EA3F0F}.Release|Any CPU.Build.0 = Release|Any CPU
		{158E56D2-70B4-4FA2-B924-B7E02A1B213A}.Debug|Any CPU.ActiveCfg = Debug|Any CPU
		{158E56D2-70B4-4FA2-B924-B7E02A1B213A}.Debug|Any CPU.Build.0 = Debug|Any CPU
		{158E56D2-70B4-4FA2-B924-B7E02A1B213A}.Release|Any CPU.ActiveCfg = Release|Any CPU
		{158E56D2-70B4-4FA2-B924-B7E02A1B213A}.Release|Any CPU.Build.0 = Release|Any CPU
		{2505BF95-E49C-498C-9168-B6F335BB09C4}.Debug|Any CPU.ActiveCfg = Debug|Any CPU
		{2505BF95-E49C-498C-9168-B6F335BB09C4}.Debug|Any CPU.Build.0 = Debug|Any CPU
		{2505BF95-E49C-498C-9168-B6F335BB09C4}.Release|Any CPU.ActiveCfg = Release|Any CPU
		{2505BF95-E49C-498C-9168-B6F335BB09C4}.Release|Any CPU.Build.0 = Release|Any CPU
		{589A2370-096F-4930-B275-8479403FFF0F}.Debug|Any CPU.ActiveCfg = Debug|Any CPU
		{589A2370-096F-4930-B275-8479403FFF0F}.Debug|Any CPU.Build.0 = Debug|Any CPU
		{589A2370-096F-4930-B275-8479403FFF0F}.Release|Any CPU.ActiveCfg = Release|Any CPU
		{589A2370-096F-4930-B275-8479403FFF0F}.Release|Any CPU.Build.0 = Release|Any CPU
		{892D2DFC-C8EB-48B2-B542-CB4562D6774C}.Debug|Any CPU.ActiveCfg = Debug|Any CPU
		{892D2DFC-C8EB-48B2-B542-CB4562D6774C}.Debug|Any CPU.Build.0 = Debug|Any CPU
		{892D2DFC-C8EB-48B2-B542-CB4562D6774C}.Release|Any CPU.ActiveCfg = Release|Any CPU
		{892D2DFC-C8EB-48B2-B542-CB4562D6774C}.Release|Any CPU.Build.0 = Release|Any CPU
		{B533FADE-F0B7-4D4B-9E5E-6D3A3D73E448}.Debug|Any CPU.ActiveCfg = Debug|Any CPU
		{B533FADE-F0B7-4D4B-9E5E-6D3A3D73E448}.Debug|Any CPU.Build.0 = Debug|Any CPU
		{B533FADE-F0B7-4D4B-9E5E-6D3A3D73E448}.Release|Any CPU.ActiveCfg = Release|Any CPU
		{B533FADE-F0B7-4D4B-9E5E-6D3A3D73E448}.Release|Any CPU.Build.0 = Release|Any CPU
		{795D29C4-CA97-487F-89B0-D03027B6062B}.Debug|Any CPU.ActiveCfg = Debug|Any CPU
		{795D29C4-CA97-487F-89B0-D03027B6062B}.Debug|Any CPU.Build.0 = Debug|Any CPU
		{795D29C4-CA97-487F-89B0-D03027B6062B}.Release|Any CPU.ActiveCfg = Release|Any CPU
		{795D29C4-CA97-487F-89B0-D03027B6062B}.Release|Any CPU.Build.0 = Release|Any CPU
	EndGlobalSection
	GlobalSection(SolutionProperties) = preSolution
		HideSolutionNode = FALSE
	EndGlobalSection
EndGlobal
